
Microsoft Visual Studio Solution File, Format Version 12.00
# Visual Studio Version 16
VisualStudioVersion = 16.0.30204.135
MinimumVisualStudioVersion = 10.0.40219.1
Project("{FAE04EC0-301F-11D3-BF4B-00C04F79EFBC}") = "RoseLibML", "RoseLibML\RoseLibML.csproj", "{20F6A0E5-E2C0-4C43-A8E5-A68ACFA349D6}"
EndProject
Project("{9A19103F-16F7-4668-BE54-9A1E7A4F7556}") = "Tests", "Tests\Tests.csproj", "{8A775295-89EC-435B-89DE-3127F43BBD7B}"
EndProject
Global
	GlobalSection(SolutionConfigurationPlatforms) = preSolution
		Debug|Any CPU = Debug|Any CPU
		Debug|x64 = Debug|x64
		Release|Any CPU = Release|Any CPU
		Release|x64 = Release|x64
	EndGlobalSection
	GlobalSection(ProjectConfigurationPlatforms) = postSolution
		{20F6A0E5-E2C0-4C43-A8E5-A68ACFA349D6}.Debug|Any CPU.ActiveCfg = Debug|Any CPU
		{20F6A0E5-E2C0-4C43-A8E5-A68ACFA349D6}.Debug|Any CPU.Build.0 = Debug|Any CPU
		{20F6A0E5-E2C0-4C43-A8E5-A68ACFA349D6}.Debug|x64.ActiveCfg = Debug|x64
		{20F6A0E5-E2C0-4C43-A8E5-A68ACFA349D6}.Debug|x64.Build.0 = Debug|x64
		{20F6A0E5-E2C0-4C43-A8E5-A68ACFA349D6}.Release|Any CPU.ActiveCfg = Release|Any CPU
		{20F6A0E5-E2C0-4C43-A8E5-A68ACFA349D6}.Release|Any CPU.Build.0 = Release|Any CPU
		{20F6A0E5-E2C0-4C43-A8E5-A68ACFA349D6}.Release|x64.ActiveCfg = Release|x64
		{20F6A0E5-E2C0-4C43-A8E5-A68ACFA349D6}.Release|x64.Build.0 = Release|x64
		{8A775295-89EC-435B-89DE-3127F43BBD7B}.Debug|Any CPU.ActiveCfg = Debug|Any CPU
		{8A775295-89EC-435B-89DE-3127F43BBD7B}.Debug|Any CPU.Build.0 = Debug|Any CPU
		{8A775295-89EC-435B-89DE-3127F43BBD7B}.Debug|x64.ActiveCfg = Debug|Any CPU
		{8A775295-89EC-435B-89DE-3127F43BBD7B}.Debug|x64.Build.0 = Debug|Any CPU
		{8A775295-89EC-435B-89DE-3127F43BBD7B}.Release|Any CPU.ActiveCfg = Release|Any CPU
		{8A775295-89EC-435B-89DE-3127F43BBD7B}.Release|Any CPU.Build.0 = Release|Any CPU
		{8A775295-89EC-435B-89DE-3127F43BBD7B}.Release|x64.ActiveCfg = Release|Any CPU
		{8A775295-89EC-435B-89DE-3127F43BBD7B}.Release|x64.Build.0 = Release|Any CPU
	EndGlobalSection
	GlobalSection(SolutionProperties) = preSolution
		HideSolutionNode = FALSE
	EndGlobalSection
	GlobalSection(ExtensibilityGlobals) = postSolution
		SolutionGuid = {9DFB8A10-AE92-4B87-9DCA-06337401E7ED}
	EndGlobalSection
EndGlobal
