
Microsoft Visual Studio Solution File, Format Version 12.00
# Visual Studio Version 17
VisualStudioVersion = 17.4.33213.308
MinimumVisualStudioVersion = 10.0.40219.1
Project("{9A19103F-16F7-4668-BE54-9A1E7A4F7556}") = "RoseLibMLTests", "Tests\RoseLibMLTests.csproj", "{8A775295-89EC-435B-89DE-3127F43BBD7B}"
EndProject
Project("{9A19103F-16F7-4668-BE54-9A1E7A4F7556}") = "RoseLibLS", "RoseLibLS\RoseLibLS.csproj", "{6549EA6C-390E-4001-BAAD-ED598CDADD9E}"
EndProject
Project("{9A19103F-16F7-4668-BE54-9A1E7A4F7556}") = "RoseLibML", "RoseLibML\RoseLibML.csproj", "{2B3E8511-3A71-4026-BB48-BAA54E0C399D}"
EndProject
Project("{9A19103F-16F7-4668-BE54-9A1E7A4F7556}") = "DataPreprocessor", "DataPreprocessor\DataPreprocessor.csproj", "{9F2DA68C-A122-4B03-8313-B5A5A434DCF2}"
EndProject
Project("{9A19103F-16F7-4668-BE54-9A1E7A4F7556}") = "DataPreprocessorTests", "DataPreprocessorTests\DataPreprocessorTests.csproj", "{5A1517C4-8F37-4BDA-B6DC-7FA1C8351FFE}"
EndProject
Project("{9A19103F-16F7-4668-BE54-9A1E7A4F7556}") = "Transformer", "Transformer\Transformer.csproj", "{FC12F29E-948A-40BB-AB14-16EA8F007B21}"
EndProject
Project("{9A19103F-16F7-4668-BE54-9A1E7A4F7556}") = "TransformerTests", "TransformerTests\TransformerTests.csproj", "{CADA1EEE-794A-4A08-8561-AF28BD791927}"
EndProject
Project("{9A19103F-16F7-4668-BE54-9A1E7A4F7556}") = "IdiomFileGrouper", "IdiomFileGrouper\IdiomFileGrouper.csproj", "{D2575542-9A52-40B6-A31A-DBD391E64F37}"
EndProject
Project("{9A19103F-16F7-4668-BE54-9A1E7A4F7556}") = "IdiomHtmlVisualizer", "IdiomHtmlVisualizer\IdiomHtmlVisualizer.csproj", "{628E3CA8-8454-48D9-84A2-BC3F8E47AAA4}"
EndProject
Global
	GlobalSection(SolutionConfigurationPlatforms) = preSolution
		Debug|Any CPU = Debug|Any CPU
		Debug|x64 = Debug|x64
		Release|Any CPU = Release|Any CPU
		Release|x64 = Release|x64
	EndGlobalSection
	GlobalSection(ProjectConfigurationPlatforms) = postSolution
		{8A775295-89EC-435B-89DE-3127F43BBD7B}.Debug|Any CPU.ActiveCfg = Debug|Any CPU
		{8A775295-89EC-435B-89DE-3127F43BBD7B}.Debug|Any CPU.Build.0 = Debug|Any CPU
		{8A775295-89EC-435B-89DE-3127F43BBD7B}.Debug|x64.ActiveCfg = Debug|Any CPU
		{8A775295-89EC-435B-89DE-3127F43BBD7B}.Debug|x64.Build.0 = Debug|Any CPU
		{8A775295-89EC-435B-89DE-3127F43BBD7B}.Release|Any CPU.ActiveCfg = Release|Any CPU
		{8A775295-89EC-435B-89DE-3127F43BBD7B}.Release|Any CPU.Build.0 = Release|Any CPU
		{8A775295-89EC-435B-89DE-3127F43BBD7B}.Release|x64.ActiveCfg = Release|Any CPU
		{8A775295-89EC-435B-89DE-3127F43BBD7B}.Release|x64.Build.0 = Release|Any CPU
		{6549EA6C-390E-4001-BAAD-ED598CDADD9E}.Debug|Any CPU.ActiveCfg = Debug|Any CPU
		{6549EA6C-390E-4001-BAAD-ED598CDADD9E}.Debug|Any CPU.Build.0 = Debug|Any CPU
		{6549EA6C-390E-4001-BAAD-ED598CDADD9E}.Debug|x64.ActiveCfg = Debug|Any CPU
		{6549EA6C-390E-4001-BAAD-ED598CDADD9E}.Debug|x64.Build.0 = Debug|Any CPU
		{6549EA6C-390E-4001-BAAD-ED598CDADD9E}.Release|Any CPU.ActiveCfg = Release|Any CPU
		{6549EA6C-390E-4001-BAAD-ED598CDADD9E}.Release|Any CPU.Build.0 = Release|Any CPU
		{6549EA6C-390E-4001-BAAD-ED598CDADD9E}.Release|x64.ActiveCfg = Release|Any CPU
		{6549EA6C-390E-4001-BAAD-ED598CDADD9E}.Release|x64.Build.0 = Release|Any CPU
		{2B3E8511-3A71-4026-BB48-BAA54E0C399D}.Debug|Any CPU.ActiveCfg = Debug|Any CPU
		{2B3E8511-3A71-4026-BB48-BAA54E0C399D}.Debug|Any CPU.Build.0 = Debug|Any CPU
		{2B3E8511-3A71-4026-BB48-BAA54E0C399D}.Debug|x64.ActiveCfg = Debug|Any CPU
		{2B3E8511-3A71-4026-BB48-BAA54E0C399D}.Debug|x64.Build.0 = Debug|Any CPU
		{2B3E8511-3A71-4026-BB48-BAA54E0C399D}.Release|Any CPU.ActiveCfg = Release|Any CPU
		{2B3E8511-3A71-4026-BB48-BAA54E0C399D}.Release|Any CPU.Build.0 = Release|Any CPU
		{2B3E8511-3A71-4026-BB48-BAA54E0C399D}.Release|x64.ActiveCfg = Release|Any CPU
		{2B3E8511-3A71-4026-BB48-BAA54E0C399D}.Release|x64.Build.0 = Release|Any CPU
		{9F2DA68C-A122-4B03-8313-B5A5A434DCF2}.Debug|Any CPU.ActiveCfg = Debug|Any CPU
		{9F2DA68C-A122-4B03-8313-B5A5A434DCF2}.Debug|Any CPU.Build.0 = Debug|Any CPU
		{9F2DA68C-A122-4B03-8313-B5A5A434DCF2}.Debug|x64.ActiveCfg = Debug|Any CPU
		{9F2DA68C-A122-4B03-8313-B5A5A434DCF2}.Debug|x64.Build.0 = Debug|Any CPU
		{9F2DA68C-A122-4B03-8313-B5A5A434DCF2}.Release|Any CPU.ActiveCfg = Release|Any CPU
		{9F2DA68C-A122-4B03-8313-B5A5A434DCF2}.Release|Any CPU.Build.0 = Release|Any CPU
		{9F2DA68C-A122-4B03-8313-B5A5A434DCF2}.Release|x64.ActiveCfg = Release|Any CPU
		{9F2DA68C-A122-4B03-8313-B5A5A434DCF2}.Release|x64.Build.0 = Release|Any CPU
		{5A1517C4-8F37-4BDA-B6DC-7FA1C8351FFE}.Debug|Any CPU.ActiveCfg = Debug|Any CPU
		{5A1517C4-8F37-4BDA-B6DC-7FA1C8351FFE}.Debug|Any CPU.Build.0 = Debug|Any CPU
		{5A1517C4-8F37-4BDA-B6DC-7FA1C8351FFE}.Debug|x64.ActiveCfg = Debug|Any CPU
		{5A1517C4-8F37-4BDA-B6DC-7FA1C8351FFE}.Debug|x64.Build.0 = Debug|Any CPU
		{5A1517C4-8F37-4BDA-B6DC-7FA1C8351FFE}.Release|Any CPU.ActiveCfg = Release|Any CPU
		{5A1517C4-8F37-4BDA-B6DC-7FA1C8351FFE}.Release|Any CPU.Build.0 = Release|Any CPU
		{5A1517C4-8F37-4BDA-B6DC-7FA1C8351FFE}.Release|x64.ActiveCfg = Release|Any CPU
		{5A1517C4-8F37-4BDA-B6DC-7FA1C8351FFE}.Release|x64.Build.0 = Release|Any CPU
		{FC12F29E-948A-40BB-AB14-16EA8F007B21}.Debug|Any CPU.ActiveCfg = Debug|Any CPU
		{FC12F29E-948A-40BB-AB14-16EA8F007B21}.Debug|Any CPU.Build.0 = Debug|Any CPU
		{FC12F29E-948A-40BB-AB14-16EA8F007B21}.Debug|x64.ActiveCfg = Debug|Any CPU
		{FC12F29E-948A-40BB-AB14-16EA8F007B21}.Debug|x64.Build.0 = Debug|Any CPU
		{FC12F29E-948A-40BB-AB14-16EA8F007B21}.Release|Any CPU.ActiveCfg = Release|Any CPU
		{FC12F29E-948A-40BB-AB14-16EA8F007B21}.Release|Any CPU.Build.0 = Release|Any CPU
		{FC12F29E-948A-40BB-AB14-16EA8F007B21}.Release|x64.ActiveCfg = Release|Any CPU
		{FC12F29E-948A-40BB-AB14-16EA8F007B21}.Release|x64.Build.0 = Release|Any CPU
		{CADA1EEE-794A-4A08-8561-AF28BD791927}.Debug|Any CPU.ActiveCfg = Debug|Any CPU
		{CADA1EEE-794A-4A08-8561-AF28BD791927}.Debug|Any CPU.Build.0 = Debug|Any CPU
		{CADA1EEE-794A-4A08-8561-AF28BD791927}.Debug|x64.ActiveCfg = Debug|Any CPU
		{CADA1EEE-794A-4A08-8561-AF28BD791927}.Debug|x64.Build.0 = Debug|Any CPU
		{CADA1EEE-794A-4A08-8561-AF28BD791927}.Release|Any CPU.ActiveCfg = Release|Any CPU
		{CADA1EEE-794A-4A08-8561-AF28BD791927}.Release|Any CPU.Build.0 = Release|Any CPU
		{CADA1EEE-794A-4A08-8561-AF28BD791927}.Release|x64.ActiveCfg = Release|Any CPU
		{CADA1EEE-794A-4A08-8561-AF28BD791927}.Release|x64.Build.0 = Release|Any CPU
		{D2575542-9A52-40B6-A31A-DBD391E64F37}.Debug|Any CPU.ActiveCfg = Debug|Any CPU
		{D2575542-9A52-40B6-A31A-DBD391E64F37}.Debug|Any CPU.Build.0 = Debug|Any CPU
		{D2575542-9A52-40B6-A31A-DBD391E64F37}.Debug|x64.ActiveCfg = Debug|Any CPU
		{D2575542-9A52-40B6-A31A-DBD391E64F37}.Debug|x64.Build.0 = Debug|Any CPU
		{D2575542-9A52-40B6-A31A-DBD391E64F37}.Release|Any CPU.ActiveCfg = Release|Any CPU
		{D2575542-9A52-40B6-A31A-DBD391E64F37}.Release|Any CPU.Build.0 = Release|Any CPU
		{D2575542-9A52-40B6-A31A-DBD391E64F37}.Release|x64.ActiveCfg = Release|Any CPU
		{D2575542-9A52-40B6-A31A-DBD391E64F37}.Release|x64.Build.0 = Release|Any CPU
		{628E3CA8-8454-48D9-84A2-BC3F8E47AAA4}.Debug|Any CPU.ActiveCfg = Debug|Any CPU
		{628E3CA8-8454-48D9-84A2-BC3F8E47AAA4}.Debug|Any CPU.Build.0 = Debug|Any CPU
		{628E3CA8-8454-48D9-84A2-BC3F8E47AAA4}.Debug|x64.ActiveCfg = Debug|Any CPU
		{628E3CA8-8454-48D9-84A2-BC3F8E47AAA4}.Debug|x64.Build.0 = Debug|Any CPU
		{628E3CA8-8454-48D9-84A2-BC3F8E47AAA4}.Release|Any CPU.ActiveCfg = Release|Any CPU
		{628E3CA8-8454-48D9-84A2-BC3F8E47AAA4}.Release|Any CPU.Build.0 = Release|Any CPU
		{628E3CA8-8454-48D9-84A2-BC3F8E47AAA4}.Release|x64.ActiveCfg = Release|Any CPU
		{628E3CA8-8454-48D9-84A2-BC3F8E47AAA4}.Release|x64.Build.0 = Release|Any CPU
	EndGlobalSection
	GlobalSection(SolutionProperties) = preSolution
		HideSolutionNode = FALSE
	EndGlobalSection
	GlobalSection(ExtensibilityGlobals) = postSolution
		SolutionGuid = {9DFB8A10-AE92-4B87-9DCA-06337401E7ED}
	EndGlobalSection
EndGlobal
